{
  "pins" : [
    {
      "identity" : "schemegenerator",
      "kind" : "remoteSourceControl",
      "location" : "https://github.com/mackoj/SchemeGenerator.git",
      "state" : {
        "revision" : "07a8022ab0a2ed7b51529f7464e4c0cd153c3d1c",
        "version" : "0.1.0"
      }
    },
    {
      "identity" : "swift-argument-parser",
      "kind" : "remoteSourceControl",
      "location" : "https://github.com/apple/swift-argument-parser.git",
      "state" : {
        "revision" : "9f39744e025c7d377987f30b03770805dcb0bcd1",
        "version" : "1.1.4"
      }
    },
    {
      "identity" : "yams",
      "kind" : "remoteSourceControl",
      "location" : "https://github.com/jpsim/Yams.git",
      "state" : {
        "revision" : "01835dc202670b5bb90d07f3eae41867e9ed29f6",
        "version" : "5.0.1"
      }
    }
  ],
  "version" : 2
}
